{
    "_readme": [
        "This file locks the dependencies of your project to a known state",
        "Read more about it at http://getcomposer.org/doc/01-basic-usage.md#composer-lock-the-lock-file",
        "This file is @generated automatically"
    ],
    "hash": "e39ba38470c406c35a640c306c142d8d",
    "packages": [
        {
            "name": "groff/command",
            "version": "dev-master",
            "source": {
                "type": "git",
                "url": "https://github.com/agroff/Command.git",
                "reference": "24cd66b4c8cd1194b6521ece58ea3a02530cf3f6"
            },
            "dist": {
                "type": "zip",
                "url": "https://api.github.com/repos/agroff/Command/zipball/24cd66b4c8cd1194b6521ece58ea3a02530cf3f6",
                "reference": "24cd66b4c8cd1194b6521ece58ea3a02530cf3f6",
                "shasum": ""
            },
            "require": {
                "php": ">=5.3.0"
            },
            "type": "library",
            "autoload": {
                "psr-0": {
                    "Groff": "src/"
                }
            },
            "notification-url": "https://packagist.org/downloads/",
            "license": [
                "MIT"
            ],
            "authors": [
                {
                    "name": "Andrew Groff",
                    "email": "andrew.p.groff@gmail.com",
                    "homepage": "http://groff.co",
                    "role": "Developer"
                }
            ],
            "description": "A minimal CLI framework for PHP",
            "keywords": [
                "cli",
                "command",
                "command line"
            ],
            "time": "2014-02-11 11:33:42"
        },
        {
            "name": "j4mie/idiorm",
            "version": "dev-master",
            "source": {
                "type": "git",
                "url": "https://github.com/j4mie/idiorm.git",
                "reference": "1db83c9fee8a6418d92fd6fa87447d31faf88842"
            },
            "dist": {
                "type": "zip",
                "url": "https://api.github.com/repos/j4mie/idiorm/zipball/1db83c9fee8a6418d92fd6fa87447d31faf88842",
                "reference": "1db83c9fee8a6418d92fd6fa87447d31faf88842",
                "shasum": ""
            },
            "require": {
                "php": ">=5.2.0"
            },
            "type": "library",
            "autoload": {
                "classmap": [
                    "idiorm.php"
                ]
            },
            "notification-url": "https://packagist.org/downloads/",
            "license": [
                "BSD-2-Clause",
                "BSD-3-Clause",
                "BSD-4-Clause"
            ],
            "authors": [
                {
                    "name": "Simon Holywell",
                    "email": "treffynnon@php.net",
                    "homepage": "http://simonholywell.com",
                    "role": "Maintainer"
                },
                {
                    "name": "Jamie Matthews",
                    "email": "jamie.matthews@gmail.com",
                    "homepage": "http://j4mie.org",
                    "role": "Developer"
                },
                {
                    "name": "Durham Hale",
                    "email": "me@durhamhale.com",
                    "homepage": "http://durhamhale.com",
                    "role": "Maintainer"
                }
            ],
            "description": "A lightweight nearly-zero-configuration object-relational mapper and fluent query builder for PHP5",
            "homepage": "http://j4mie.github.com/idiormandparis",
            "keywords": [
                "idiorm",
                "orm",
                "query builder"
            ],
            "time": "2015-01-19 12:53:20"
        }
    ],
    "packages-dev": [],
    "aliases": [],
    "minimum-stability": "stable",
    "stability-flags": {
        "groff/command": 20,
        "j4mie/idiorm": 20
    },
    "prefer-stable": false,
    "prefer-lowest": false,
    "platform": {
        "php": ">=5.3.0"
    },
    "platform-dev": []
}
